{
  "name": "site",
  "version": "1.0.2",
  "lockfileVersion": 1,
  "requires": true,
  "dependencies": {
    "@babel/runtime": {
      "version": "7.7.2",
      "resolved": "https://registry.npmjs.org/@babel/runtime/-/runtime-7.7.2.tgz",
      "integrity": "sha512-JONRbXbTXc9WQE2mAZd1p0Z3DZ/6vaQIkgYMSTP3KjRCyd7rCZCcfhCyX+YjwcKxcZ82UrxbRD358bpExNgrjw==",
      "requires": {
        "regenerator-runtime": "^0.13.2"
      }
    },
    "@next/env": {
      "version": "12.1.0",
      "resolved": "https://registry.npmjs.org/@next/env/-/env-12.1.0.tgz",
      "integrity": "sha512-nrIgY6t17FQ9xxwH3jj0a6EOiQ/WDHUos35Hghtr+SWN/ntHIQ7UpuvSi0vaLzZVHQWaDupKI+liO5vANcDeTQ=="
    },
    "@next/swc-android-arm64": {
      "version": "12.1.0",
      "resolved": "https://registry.npmjs.org/@next/swc-android-arm64/-/swc-android-arm64-12.1.0.tgz",
      "integrity": "sha512-/280MLdZe0W03stA69iL+v6I+J1ascrQ6FrXBlXGCsGzrfMaGr7fskMa0T5AhQIVQD4nA/46QQWxG//DYuFBcA==",
      "optional": true
    },
    "@next/swc-darwin-arm64": {
      "version": "12.1.0",
      "resolved": "https://registry.npmjs.org/@next/swc-darwin-arm64/-/swc-darwin-arm64-12.1.0.tgz",
      "integrity": "sha512-R8vcXE2/iONJ1Unf5Ptqjk6LRW3bggH+8drNkkzH4FLEQkHtELhvcmJwkXcuipyQCsIakldAXhRbZmm3YN1vXg==",
      "optional": true
    },
    "@next/swc-darwin-x64": {
      "version": "12.1.0",
      "resolved": "https://registry.npmjs.org/@next/swc-darwin-x64/-/swc-darwin-x64-12.1.0.tgz",
      "integrity": "sha512-ieAz0/J0PhmbZBB8+EA/JGdhRHBogF8BWaeqR7hwveb6SYEIJaDNQy0I+ZN8gF8hLj63bEDxJAs/cEhdnTq+ug==",
      "optional": true
    },
    "@next/swc-linux-arm-gnueabihf": {
      "version": "12.1.0",
      "resolved": "https://registry.npmjs.org/@next/swc-linux-arm-gnueabihf/-/swc-linux-arm-gnueabihf-12.1.0.tgz",
      "integrity": "sha512-njUd9hpl6o6A5d08dC0cKAgXKCzm5fFtgGe6i0eko8IAdtAPbtHxtpre3VeSxdZvuGFh+hb0REySQP9T1ttkog==",
      "optional": true
    },
    "@next/swc-linux-arm64-gnu": {
      "version": "12.1.0",
      "resolved": "https://registry.npmjs.org/@next/swc-linux-arm64-gnu/-/swc-linux-arm64-gnu-12.1.0.tgz",
      "integrity": "sha512-OqangJLkRxVxMhDtcb7Qn1xjzFA3s50EIxY7mljbSCLybU+sByPaWAHY4px97ieOlr2y4S0xdPKkQ3BCAwyo6Q==",
      "optional": true
    },
    "@next/swc-linux-arm64-musl": {
      "version": "12.1.0",
      "resolved": "https://registry.npmjs.org/@next/swc-linux-arm64-musl/-/swc-linux-arm64-musl-12.1.0.tgz",
      "integrity": "sha512-hB8cLSt4GdmOpcwRe2UzI5UWn6HHO/vLkr5OTuNvCJ5xGDwpPXelVkYW/0+C3g5axbDW2Tym4S+MQCkkH9QfWA==",
      "optional": true
    },
    "@next/swc-linux-x64-gnu": {
      "version": "12.1.0",
      "resolved": "https://registry.npmjs.org/@next/swc-linux-x64-gnu/-/swc-linux-x64-gnu-12.1.0.tgz",
      "integrity": "sha512-OKO4R/digvrVuweSw/uBM4nSdyzsBV5EwkUeeG4KVpkIZEe64ZwRpnFB65bC6hGwxIBnTv5NMSnJ+0K/WmG78A==",
      "optional": true
    },
    "@next/swc-linux-x64-musl": {
      "version": "12.1.0",
      "resolved": "https://registry.npmjs.org/@next/swc-linux-x64-musl/-/swc-linux-x64-musl-12.1.0.tgz",
      "integrity": "sha512-JohhgAHZvOD3rQY7tlp7NlmvtvYHBYgY0x5ZCecUT6eCCcl9lv6iV3nfu82ErkxNk1H893fqH0FUpznZ/H3pSw==",
      "optional": true
    },
    "@next/swc-win32-arm64-msvc": {
      "version": "12.1.0",
      "resolved": "https://registry.npmjs.org/@next/swc-win32-arm64-msvc/-/swc-win32-arm64-msvc-12.1.0.tgz",
      "integrity": "sha512-T/3gIE6QEfKIJ4dmJk75v9hhNiYZhQYAoYm4iVo1TgcsuaKLFa+zMPh4056AHiG6n9tn2UQ1CFE8EoybEsqsSw==",
      "optional": true
    },
    "@next/swc-win32-ia32-msvc": {
      "version": "12.1.0",
      "resolved": "https://registry.npmjs.org/@next/swc-win32-ia32-msvc/-/swc-win32-ia32-msvc-12.1.0.tgz",
      "integrity": "sha512-iwnKgHJdqhIW19H9PRPM9j55V6RdcOo6rX+5imx832BCWzkDbyomWnlzBfr6ByUYfhohb8QuH4hSGEikpPqI0Q==",
      "optional": true
    },
    "@next/swc-win32-x64-msvc": {
      "version": "12.1.0",
      "resolved": "https://registry.npmjs.org/@next/swc-win32-x64-msvc/-/swc-win32-x64-msvc-12.1.0.tgz",
      "integrity": "sha512-aBvcbMwuanDH4EMrL2TthNJy+4nP59Bimn8egqv6GHMVj0a44cU6Au4PjOhLNqEh9l+IpRGBqMTzec94UdC5xg==",
      "optional": true
    },
    "@restart/context": {
      "version": "2.1.4",
      "resolved": "https://registry.npmjs.org/@restart/context/-/context-2.1.4.tgz",
      "integrity": "sha512-INJYZQJP7g+IoDUh/475NlGiTeMfwTXUEr3tmRneckHIxNolGOW9CTq83S8cxq0CgJwwcMzMJFchxvlwe7Rk8Q=="
    },
    "@restart/hooks": {
      "version": "0.3.19",
      "resolved": "https://registry.npmjs.org/@restart/hooks/-/hooks-0.3.19.tgz",
      "integrity": "sha512-8bskLEkiDvuZztnfGN+vM56q2HQV8dyXS/Eb0nhXPx6fonii3hQLxfNVA2r5NTMbvEkwDo59bAau3idUXaGvww=="
    },
    "@types/js-cookie": {
      "version": "2.2.4",
      "resolved": "https://registry.npmjs.org/@types/js-cookie/-/js-cookie-2.2.4.tgz",
      "integrity": "sha512-WTfSE1Eauak/Nrg6cA9FgPTFvVawejsai6zXoq0QYTQ3mxONeRtGhKxa7wMlUzWWmzrmTeV+rwLjHgsCntdrsA=="
    },
    "@types/node": {
      "version": "13.1.6",
      "resolved": "https://registry.npmjs.org/@types/node/-/node-13.1.6.tgz",
      "integrity": "sha512-Jg1F+bmxcpENHP23sVKkNuU3uaxPnsBMW0cLjleiikFKomJQbsn0Cqk2yDvQArqzZN6ABfBkZ0To7pQ8sLdWDg==",
      "dev": true
    },
    "@types/prop-types": {
      "version": "15.7.3",
      "resolved": "https://registry.npmjs.org/@types/prop-types/-/prop-types-15.7.3.tgz",
      "integrity": "sha512-KfRL3PuHmqQLOG+2tGpRO26Ctg+Cq1E01D2DMriKEATHgWLfeNDmq9e29Q9WIky0dQ3NPkd1mzYH8Lm936Z9qw=="
    },
    "@types/react": {
      "version": "16.9.17",
      "resolved": "https://registry.npmjs.org/@types/react/-/react-16.9.17.tgz",
      "integrity": "sha512-UP27In4fp4sWF5JgyV6pwVPAQM83Fj76JOcg02X5BZcpSu5Wx+fP9RMqc2v0ssBoQIFvD5JdKY41gjJJKmw6Bg==",
      "requires": {
        "@types/prop-types": "*",
        "csstype": "^2.2.0"
      }
    },
    "@types/react-datepicker": {
      "version": "2.11.0",
      "resolved": "https://registry.npmjs.org/@types/react-datepicker/-/react-datepicker-2.11.0.tgz",
      "integrity": "sha512-eagG8BE3TFgPYyZb2/hG4+2delLH9z/4OWzT7wuTCKLHDDXIXgvkb2O2cW8q4/wuqnTnMxo+vl3vgPTENkofzw==",
      "requires": {
        "@types/react": "*",
        "date-fns": "^2.0.1",
        "popper.js": "^1.14.1"
      }
    },
    "bootstrap": {
      "version": "4.4.1",
      "resolved": "https://registry.npmjs.org/bootstrap/-/bootstrap-4.4.1.tgz",
      "integrity": "sha512-tbx5cHubwE6e2ZG7nqM3g/FZ5PQEDMWmMGNrCUBVRPHXTJaH7CBDdsLeu3eCh3B1tzAxTnAbtmrzvWEvT2NNEA=="
    },
    "camelcase": {
      "version": "5.3.1",
      "resolved": "https://registry.npmjs.org/camelcase/-/camelcase-5.3.1.tgz",
      "integrity": "sha512-L28STB170nwWS63UjtlEOE3dldQApaJXZkOI1uMFfzf3rRuPegHaHesyee+YxQ+W6SvRDQV6UrdOdRiR153wJg=="
    },
    "caniuse-lite": {
      "version": "1.0.30001341",
      "resolved": "https://registry.npmjs.org/caniuse-lite/-/caniuse-lite-1.0.30001341.tgz",
      "integrity": "sha512-2SodVrFFtvGENGCv0ChVJIDQ0KPaS1cg7/qtfMaICgeMolDdo/Z2OD32F0Aq9yl6F4YFwGPBS5AaPqNYiW4PoA=="
    },
    "classnames": {
      "version": "2.2.6",
      "resolved": "https://registry.npmjs.org/classnames/-/classnames-2.2.6.tgz",
      "integrity": "sha512-JR/iSQOSt+LQIWwrwEzJ9uk0xfN3mTVYMwt1Ir5mUcSN6pU+V4zQFFaJsclJbPuAUQH+yfWef6tm7l1quW3C8Q=="
    },
    "create-react-context": {
      "version": "0.3.0",
      "resolved": "https://registry.npmjs.org/create-react-context/-/create-react-context-0.3.0.tgz",
      "integrity": "sha512-dNldIoSuNSvlTJ7slIKC/ZFGKexBMBrrcc+TTe1NdmROnaASuLPvqpwj9v4XS4uXZ8+YPu0sNmShX2rXI5LNsw==",
      "requires": {
        "gud": "^1.0.0",
        "warning": "^4.0.3"
      }
    },
    "csstype": {
      "version": "2.6.8",
      "resolved": "https://registry.npmjs.org/csstype/-/csstype-2.6.8.tgz",
      "integrity": "sha512-msVS9qTuMT5zwAGCVm4mxfrZ18BNc6Csd0oJAtiFMZ1FAx1CCvy2+5MDmYoix63LM/6NDbNtodCiGYGmFgO0dA=="
    },
    "date-fns": {
      "version": "2.9.0",
      "resolved": "https://registry.npmjs.org/date-fns/-/date-fns-2.9.0.tgz",
      "integrity": "sha512-khbFLu/MlzLjEzy9Gh8oY1hNt/Dvxw3J6Rbc28cVoYWQaC1S3YI4xwkF9ZWcjDLscbZlY9hISMr66RFzZagLsA=="
    },
    "dayjs": {
      "version": "1.8.19",
      "resolved": "https://registry.npmjs.org/dayjs/-/dayjs-1.8.19.tgz",
      "integrity": "sha512-7kqOoj3oQSmqbvtvGFLU5iYqies+SqUiEGNT0UtUPPxcPYgY1BrkXR0Cq2R9HYSimBXN+xHkEN4Hi399W+Ovlg=="
    },
    "deep-equal": {
      "version": "1.1.1",
      "resolved": "https://registry.npmjs.org/deep-equal/-/deep-equal-1.1.1.tgz",
      "integrity": "sha512-yd9c5AdiqVcR+JjcwUQb9DkhJc8ngNr0MahEBGvDiJw8puWab2yZlh+nkasOnZP+EGTAP6rRp2JzJhJZzvNF8g==",
      "requires": {
        "is-arguments": "^1.0.4",
        "is-date-object": "^1.0.1",
        "is-regex": "^1.0.4",
        "object-is": "^1.0.1",
        "object-keys": "^1.1.1",
        "regexp.prototype.flags": "^1.2.0"
      }
    },
    "define-properties": {
      "version": "1.1.3",
      "resolved": "https://registry.npmjs.org/define-properties/-/define-properties-1.1.3.tgz",
      "integrity": "sha512-3MqfYKj2lLzdMSf8ZIZE/V+Zuy+BgD6f164e8K2w7dgnpKArBDerGYpM46IYYcjnkdPNMjPk9A6VFB8+3SKlXQ==",
      "requires": {
        "object-keys": "^1.0.12"
      }
    },
    "dom-helpers": {
      "version": "5.1.3",
      "resolved": "https://registry.npmjs.org/dom-helpers/-/dom-helpers-5.1.3.tgz",
      "integrity": "sha512-nZD1OtwfWGRBWlpANxacBEZrEuLa16o1nh7YopFWeoF68Zt8GGEmzHu6Xv4F3XaFIC+YXtTLrzgqKxFgLEe4jw==",
      "requires": {
        "@babel/runtime": "^7.6.3",
        "csstype": "^2.6.7"
      }
    },
    "es-abstract": {
      "version": "1.17.4",
      "resolved": "https://registry.npmjs.org/es-abstract/-/es-abstract-1.17.4.tgz",
      "integrity": "sha512-Ae3um/gb8F0mui/jPL+QiqmglkUsaQf7FwBEHYIFkztkneosu9imhqHpBzQ3h1vit8t5iQ74t6PEVvphBZiuiQ==",
      "requires": {
        "es-to-primitive": "^1.2.1",
        "function-bind": "^1.1.1",
        "has": "^1.0.3",
        "has-symbols": "^1.0.1",
        "is-callable": "^1.1.5",
        "is-regex": "^1.0.5",
        "object-inspect": "^1.7.0",
        "object-keys": "^1.1.1",
        "object.assign": "^4.1.0",
        "string.prototype.trimleft": "^2.1.1",
        "string.prototype.trimright": "^2.1.1"
      }
    },
    "es-to-primitive": {
      "version": "1.2.1",
      "resolved": "https://registry.npmjs.org/es-to-primitive/-/es-to-primitive-1.2.1.tgz",
      "integrity": "sha512-QCOllgZJtaUo9miYBcLChTUaHNjJF3PYs1VidD7AwiEj1kYxKeQTctLAezAOH5ZKRH0g2IgPn6KwB4IT8iRpvA==",
      "requires": {
        "is-callable": "^1.1.4",
        "is-date-object": "^1.0.1",
        "is-symbol": "^1.0.2"
      }
    },
    "fast-deep-equal": {
      "version": "2.0.1",
      "resolved": "https://registry.npmjs.org/fast-deep-equal/-/fast-deep-equal-2.0.1.tgz",
      "integrity": "sha1-ewUhjd+WZ79/Nwv3/bLLFf3Qqkk="
    },
    "function-bind": {
      "version": "1.1.1",
      "resolved": "https://registry.npmjs.org/function-bind/-/function-bind-1.1.1.tgz",
      "integrity": "sha512-yIovAzMX49sF8Yl58fSCWJ5svSLuaibPxXQJFLmBObTuCr0Mf1KiPopGM9NiFjiYBCbfaa2Fh6breQ6ANVTI0A=="
    },
    "gud": {
      "version": "1.0.0",
      "resolved": "https://registry.npmjs.org/gud/-/gud-1.0.0.tgz",
      "integrity": "sha512-zGEOVKFM5sVPPrYs7J5/hYEw2Pof8KCyOwyhG8sAF26mCAeUFAcYPu1mwB7hhpIP29zOIBaDqwuHdLp0jvZXjw=="
    },
    "has": {
      "version": "1.0.3",
      "resolved": "https://registry.npmjs.org/has/-/has-1.0.3.tgz",
      "integrity": "sha512-f2dvO0VU6Oej7RkWJGrehjbzMAjFp5/VKPp5tTpWIV4JHHZK1/BxbFRtf/siA2SWTe09caDmVtYYzWEIbBS4zw==",
      "requires": {
        "function-bind": "^1.1.1"
      }
    },
    "has-symbols": {
      "version": "1.0.1",
      "resolved": "https://registry.npmjs.org/has-symbols/-/has-symbols-1.0.1.tgz",
      "integrity": "sha512-PLcsoqu++dmEIZB+6totNFKq/7Do+Z0u4oT0zKOJNl3lYK6vGwwu2hjHs+68OEZbTjiUE9bgOABXbP/GvrS0Kg=="
    },
    "invariant": {
      "version": "2.2.4",
      "resolved": "https://registry.npmjs.org/invariant/-/invariant-2.2.4.tgz",
      "integrity": "sha512-phJfQVBuaJM5raOpJjSfkiD6BpbCE4Ns//LaXl6wGYtUBY83nWS6Rf9tXm2e8VaK60JEjYldbPif/A2B1C2gNA==",
      "requires": {
        "loose-envify": "^1.0.0"
      }
    },
    "is-arguments": {
      "version": "1.0.4",
      "resolved": "https://registry.npmjs.org/is-arguments/-/is-arguments-1.0.4.tgz",
      "integrity": "sha512-xPh0Rmt8NE65sNzvyUmWgI1tz3mKq74lGA0mL8LYZcoIzKOzDh6HmrYm3d18k60nHerC8A9Km8kYu87zfSFnLA=="
    },
    "is-callable": {
      "version": "1.1.5",
      "resolved": "https://registry.npmjs.org/is-callable/-/is-callable-1.1.5.tgz",
      "integrity": "sha512-ESKv5sMCJB2jnHTWZ3O5itG+O128Hsus4K4Qh1h2/cgn2vbgnLSVqfV46AeJA9D5EeeLa9w81KUXMtn34zhX+Q=="
    },
    "is-date-object": {
      "version": "1.0.2",
      "resolved": "https://registry.npmjs.org/is-date-object/-/is-date-object-1.0.2.tgz",
      "integrity": "sha512-USlDT524woQ08aoZFzh3/Z6ch9Y/EWXEHQ/AaRN0SkKq4t2Jw2R2339tSXmwuVoY7LLlBCbOIlx2myP/L5zk0g=="
    },
    "is-regex": {
      "version": "1.0.5",
      "resolved": "https://registry.npmjs.org/is-regex/-/is-regex-1.0.5.tgz",
      "integrity": "sha512-vlKW17SNq44owv5AQR3Cq0bQPEb8+kF3UKZ2fiZNOWtztYE5i0CzCZxFDwO58qAOWtxdBRVO/V5Qin1wjCqFYQ==",
      "requires": {
        "has": "^1.0.3"
      }
    },
    "is-symbol": {
      "version": "1.0.3",
      "resolved": "https://registry.npmjs.org/is-symbol/-/is-symbol-1.0.3.tgz",
      "integrity": "sha512-OwijhaRSgqvhm/0ZdAcXNZt9lYdKFpcRDT5ULUuYXPoT794UNOdU+gpT6Rzo7b4V2HUl/op6GqY894AZwv9faQ==",
      "requires": {
        "has-symbols": "^1.0.1"
      }
    },
    "isomorphic-unfetch": {
      "version": "3.0.0",
      "resolved": "https://registry.npmjs.org/isomorphic-unfetch/-/isomorphic-unfetch-3.0.0.tgz",
      "integrity": "sha512-V0tmJSYfkKokZ5mgl0cmfQMTb7MLHsBMngTkbLY0eXvKqiVRRoZP04Ly+KhKrJfKtzC9E6Pp15Jo+bwh7Vi2XQ==",
      "requires": {
        "node-fetch": "^2.2.0",
        "unfetch": "^4.0.0"
      }
    },
    "js-cookie": {
      "version": "2.2.1",
      "resolved": "https://registry.npmjs.org/js-cookie/-/js-cookie-2.2.1.tgz",
      "integrity": "sha512-HvdH2LzI/EAZcUwA8+0nKNtWHqS+ZmijLA30RwZA0bo7ToCckjK5MkGhjED9KoRcXO6BaGI3I9UIzSA1FKFPOQ=="
    },
    "js-tokens": {
      "version": "4.0.0",
      "resolved": "https://registry.npmjs.org/js-tokens/-/js-tokens-4.0.0.tgz",
      "integrity": "sha512-RdJUflcE3cUzKiMqQgsCu06FPu9UdIJO0beYbPhHN4k6apgJtifcoCtT9bcxOpYBtpD2kCM6Sbzg4CausW/PKQ=="
    },
    "keycode": {
      "version": "2.2.0",
      "resolved": "https://registry.npmjs.org/keycode/-/keycode-2.2.0.tgz",
      "integrity": "sha1-PQr1bce4uOXLqNCpfxByBO7CKwQ="
    },
    "loose-envify": {
      "version": "1.4.0",
      "resolved": "https://registry.npmjs.org/loose-envify/-/loose-envify-1.4.0.tgz",
      "integrity": "sha512-lyuxPGr/Wfhrlem2CL/UcnUc1zcqKAImBDzukY7Y5F/yQiNdko6+fRLevlw1HgMySw7f611UIY408EtxRSoK3Q==",
      "requires": {
        "js-tokens": "^3.0.0 || ^4.0.0"
      }
    },
    "nanoid": {
      "version": "3.3.4",
      "resolved": "https://registry.npmjs.org/nanoid/-/nanoid-3.3.4.tgz",
      "integrity": "sha512-MqBkQh/OHTS2egovRtLk45wEyNXwF+cokD+1YPf9u5VfJiRdAiRwB2froX5Co9Rh20xs4siNPm8naNotSD6RBw=="
    },
    "next": {
      "version": "12.1.0",
      "resolved": "https://registry.npmjs.org/next/-/next-12.1.0.tgz",
      "integrity": "sha512-s885kWvnIlxsUFHq9UGyIyLiuD0G3BUC/xrH0CEnH5lHEWkwQcHOORgbDF0hbrW9vr/7am4ETfX4A7M6DjrE7Q==",
      "requires": {
        "@next/env": "12.1.0",
        "@next/swc-android-arm64": "12.1.0",
        "@next/swc-darwin-arm64": "12.1.0",
        "@next/swc-darwin-x64": "12.1.0",
        "@next/swc-linux-arm-gnueabihf": "12.1.0",
        "@next/swc-linux-arm64-gnu": "12.1.0",
        "@next/swc-linux-arm64-musl": "12.1.0",
        "@next/swc-linux-x64-gnu": "12.1.0",
        "@next/swc-linux-x64-musl": "12.1.0",
        "@next/swc-win32-arm64-msvc": "12.1.0",
        "@next/swc-win32-ia32-msvc": "12.1.0",
        "@next/swc-win32-x64-msvc": "12.1.0",
        "caniuse-lite": "^1.0.30001283",
        "postcss": "8.4.5",
        "styled-jsx": "5.0.0",
        "use-subscription": "1.5.1"
      }
    },
    "node-abort-controller": {
      "version": "1.0.4",
      "resolved": "https://registry.npmjs.org/node-abort-controller/-/node-abort-controller-1.0.4.tgz",
      "integrity": "sha512-7cNtLKTAg0LrW3ViS2C7UfIzbL3rZd8L0++5MidbKqQVJ8yrH6+1VRSHl33P0ZjBTbOJd37d9EYekvHyKkB0QQ=="
    },
    "node-fetch": {
      "version": "2.6.0",
      "resolved": "https://registry.npmjs.org/node-fetch/-/node-fetch-2.6.0.tgz",
      "integrity": "sha512-8dG4H5ujfvFiqDmVu9fQ5bOHUC15JMjMY/Zumv26oOvvVJjM67KF8koCWIabKQ1GJIa9r2mMZscBq/TbdOcmNA=="
    },
    "object-assign": {
      "version": "4.1.1",
      "resolved": "https://registry.npmjs.org/object-assign/-/object-assign-4.1.1.tgz",
      "integrity": "sha1-IQmtx5ZYh8/AXLvUQsrIv7s2CGM="
    },
    "object-inspect": {
      "version": "1.7.0",
      "resolved": "https://registry.npmjs.org/object-inspect/-/object-inspect-1.7.0.tgz",
      "integrity": "sha512-a7pEHdh1xKIAgTySUGgLMx/xwDZskN1Ud6egYYN3EdRW4ZMPNEDUTF+hwy2LUC+Bl+SyLXANnwz/jyh/qutKUw=="
    },
    "object-is": {
      "version": "1.0.2",
      "resolved": "https://registry.npmjs.org/object-is/-/object-is-1.0.2.tgz",
      "integrity": "sha512-Epah+btZd5wrrfjkJZq1AOB9O6OxUQto45hzFd7lXGrpHPGE0W1k+426yrZV+k6NJOzLNNW/nVsmZdIWsAqoOQ=="
    },
    "object-keys": {
      "version": "1.1.1",
      "resolved": "https://registry.npmjs.org/object-keys/-/object-keys-1.1.1.tgz",
      "integrity": "sha512-NuAESUOUMrlIXOfHKzD6bpPu3tYt3xvjNdRIQ+FeT0lNb4K8WR70CaDxhuNguS2XG+GjkyMwOzsN5ZktImfhLA=="
    },
    "object.assign": {
      "version": "4.1.0",
      "resolved": "https://registry.npmjs.org/object.assign/-/object.assign-4.1.0.tgz",
      "integrity": "sha512-exHJeq6kBKj58mqGyTQ9DFvrZC/eR6OwxzoM9YRoGBqrXYonaFyGiFMuc9VZrXf7DarreEwMpurG3dd+CNyW5w==",
      "requires": {
        "define-properties": "^1.1.2",
        "function-bind": "^1.1.1",
        "has-symbols": "^1.0.0",
        "object-keys": "^1.0.11"
      }
    },
    "picocolors": {
      "version": "1.0.0",
      "resolved": "https://registry.npmjs.org/picocolors/-/picocolors-1.0.0.tgz",
      "integrity": "sha512-1fygroTLlHu66zi26VoTDv8yRgm0Fccecssto+MhsZ0D/DGW2sm8E8AjW7NU5VVTRt5GxbeZ5qBuJr+HyLYkjQ=="
    },
    "popper.js": {
      "version": "1.16.0",
      "resolved": "https://registry.npmjs.org/popper.js/-/popper.js-1.16.0.tgz",
      "integrity": "sha512-+G+EkOPoE5S/zChTpmBSSDYmhXJ5PsW8eMhH8cP/CQHMFPBG/kC9Y5IIw6qNYgdJ+/COf0ddY2li28iHaZRSjw=="
    },
    "postcss": {
      "version": "8.4.5",
      "resolved": "https://registry.npmjs.org/postcss/-/postcss-8.4.5.tgz",
      "integrity": "sha512-jBDboWM8qpaqwkMwItqTQTiFikhs/67OYVvblFFTM7MrZjt6yMKd6r2kgXizEbTTljacm4NldIlZnhbjr84QYg==",
      "requires": {
        "nanoid": "^3.1.30",
        "picocolors": "^1.0.0",
        "source-map-js": "^1.0.1"
      }
    },
    "prop-types": {
      "version": "15.7.2",
      "resolved": "https://registry.npmjs.org/prop-types/-/prop-types-15.7.2.tgz",
      "integrity": "sha512-8QQikdH7//R2vurIJSutZ1smHYTcLpRWEOlHnzcWHmBYrOGUysKwSsrC89BCiFj3CbrfJ/nXFdJepOVrY1GCHQ==",
      "requires": {
        "loose-envify": "^1.4.0",
        "object-assign": "^4.1.1",
        "react-is": "^16.8.1"
      }
    },
    "prop-types-extra": {
      "version": "1.1.0",
      "resolved": "https://registry.npmjs.org/prop-types-extra/-/prop-types-extra-1.1.0.tgz",
      "integrity": "sha512-QFyuDxvMipmIVKD2TwxLVPzMnO4e5oOf1vr3tJIomL8E7d0lr6phTHd5nkPhFIzTD1idBLLEPeylL9g+rrTzRg==",
      "requires": {
        "react-is": "^16.3.2",
        "warning": "^3.0.0"
      },
      "dependencies": {
        "warning": {
          "version": "3.0.0",
          "resolved": "https://registry.npmjs.org/warning/-/warning-3.0.0.tgz",
          "integrity": "sha1-MuU3fLVy3kqwR1O9+IIcAe1gW3w=",
          "requires": {
            "loose-envify": "^1.0.0"
          }
        }
      }
    },
    "react": {
      "version": "16.12.0",
      "resolved": "https://registry.npmjs.org/react/-/react-16.12.0.tgz",
      "integrity": "sha512-fglqy3k5E+81pA8s+7K0/T3DBCF0ZDOher1elBFzF7O6arXJgzyu/FW+COxFvAWXJoJN9KIZbT2LXlukwphYTA==",
      "requires": {
        "loose-envify": "^1.1.0",
        "object-assign": "^4.1.1",
        "prop-types": "^15.6.2"
      }
    },
    "react-bootstrap": {
      "version": "1.0.0-beta.16",
      "resolved": "https://registry.npmjs.org/react-bootstrap/-/react-bootstrap-1.0.0-beta.16.tgz",
      "integrity": "sha512-wjb+3CwviDWAaz4O3gQpd2XMDNqbOiqOOzpLm5aLPcp1wTsQsVRhyM+rTPmO3hYU8auA2eNpTYLz08/fAcMqDA==",
      "requires": {
        "@babel/runtime": "^7.4.2",
        "@restart/context": "^2.1.4",
        "@restart/hooks": "^0.3.11",
        "@types/react": "^16.8.23",
        "classnames": "^2.2.6",
        "dom-helpers": "^5.1.2",
        "invariant": "^2.2.4",
        "keycode": "^2.2.0",
        "popper.js": "^1.16.0",
        "prop-types": "^15.7.2",
        "prop-types-extra": "^1.1.0",
        "react-overlays": "^2.1.0",
        "react-transition-group": "^4.0.0",
        "uncontrollable": "^7.0.0",
        "warning": "^4.0.3"
      }
    },
    "react-datepicker": {
      "version": "2.11.0",
      "resolved": "https://registry.npmjs.org/react-datepicker/-/react-datepicker-2.11.0.tgz",
      "integrity": "sha512-eyaLRTX4CaMnW4HW34gYmG4cT/3R9vyAIEAQ1SSWKBO77pTs6RfxUzbLRKOheyIlQM7BmXhLGOxq80vvlCb09w==",
      "requires": {
        "classnames": "^2.2.6",
        "date-fns": "^2.0.1",
        "prop-types": "^15.7.2",
        "react-onclickoutside": "^6.9.0",
        "react-popper": "^1.3.4"
      }
    },
    "react-dom": {
      "version": "16.12.0",
      "resolved": "https://registry.npmjs.org/react-dom/-/react-dom-16.12.0.tgz",
      "integrity": "sha512-LMxFfAGrcS3kETtQaCkTKjMiifahaMySFDn71fZUNpPHZQEzmk/GiAeIT8JSOrHB23fnuCOMruL2a8NYlw+8Gw==",
      "requires": {
        "loose-envify": "^1.1.0",
        "object-assign": "^4.1.1",
        "prop-types": "^15.6.2",
        "scheduler": "^0.18.0"
      }
    },
    "react-ga": {
      "version": "2.7.0",
      "resolved": "https://registry.npmjs.org/react-ga/-/react-ga-2.7.0.tgz",
      "integrity": "sha512-AjC7UOZMvygrWTc2hKxTDvlMXEtbmA0IgJjmkhgmQQ3RkXrWR11xEagLGFGaNyaPnmg24oaIiaNPnEoftUhfXA=="
    },
    "react-icons": {
      "version": "3.9.0",
      "resolved": "https://registry.npmjs.org/react-icons/-/react-icons-3.9.0.tgz",
      "integrity": "sha512-gKbYKR+4QsD3PmIHLAM9TDDpnaTsr3XZeK1NTAb6WQQ+gxEdJ0xuCgLq0pxXdS7Utg2AIpcVhM1ut/jlDhcyNg==",
      "requires": {
        "camelcase": "^5.0.0"
      }
    },
    "react-is": {
      "version": "16.8.6",
      "resolved": "https://registry.npmjs.org/react-is/-/react-is-16.8.6.tgz",
      "integrity": "sha512-aUk3bHfZ2bRSVFFbbeVS4i+lNPZr3/WM5jT2J5omUVV1zzcs1nAaf3l51ctA5FFvCRbhrH0bdAsRRQddFJZPtA=="
    },
    "react-lifecycles-compat": {
      "version": "3.0.4",
      "resolved": "https://registry.npmjs.org/react-lifecycles-compat/-/react-lifecycles-compat-3.0.4.tgz",
      "integrity": "sha512-fBASbA6LnOU9dOU2eW7aQ8xmYBSXUIWr+UmF9b1efZBazGNO+rcXT/icdKnYm2pTwcRylVUYwW7H1PHfLekVzA=="
    },
    "react-onclickoutside": {
      "version": "6.9.0",
      "resolved": "https://registry.npmjs.org/react-onclickoutside/-/react-onclickoutside-6.9.0.tgz",
      "integrity": "sha512-8ltIY3bC7oGhj2nPAvWOGi+xGFybPNhJM0V1H8hY/whNcXgmDeaeoCMPPd8VatrpTsUWjb/vGzrmu6SrXVty3A=="
    },
    "react-overlays": {
      "version": "2.1.0",
      "resolved": "https://registry.npmjs.org/react-overlays/-/react-overlays-2.1.0.tgz",
      "integrity": "sha512-tHPGTZosbQSo82yb9x4YCsmJJtspKvAPL5kXVnyoB2Z5UoAU3VetIuh2VblfVT408us5nLJd9uDtwI3xWDHS6w==",
      "requires": {
        "@babel/runtime": "^7.4.5",
        "@restart/hooks": "^0.3.12",
        "dom-helpers": "^5.1.0",
        "popper.js": "^1.15.0",
        "prop-types": "^15.7.2",
        "uncontrollable": "^7.0.0",
        "warning": "^4.0.3"
      }
    },
    "react-popper": {
      "version": "1.3.7",
      "resolved": "https://registry.npmjs.org/react-popper/-/react-popper-1.3.7.tgz",
      "integrity": "sha512-nmqYTx7QVjCm3WUZLeuOomna138R1luC4EqkW3hxJUrAe+3eNz3oFCLYdnPwILfn0mX1Ew2c3wctrjlUMYYUww==",
      "requires": {
        "@babel/runtime": "^7.1.2",
        "create-react-context": "^0.3.0",
        "deep-equal": "^1.1.1",
        "popper.js": "^1.14.4",
        "prop-types": "^15.6.1",
        "typed-styles": "^0.0.7",
        "warning": "^4.0.2"
      }
    },
    "react-transition-group": {
      "version": "4.3.0",
      "resolved": "https://registry.npmjs.org/react-transition-group/-/react-transition-group-4.3.0.tgz",
      "integrity": "sha512-1qRV1ZuVSdxPlPf4O8t7inxUGpdyO5zG9IoNfJxSO0ImU2A1YWkEQvFPuIPZmMLkg5hYs7vv5mMOyfgSkvAwvw==",
      "requires": {
        "@babel/runtime": "^7.5.5",
        "dom-helpers": "^5.0.1",
        "loose-envify": "^1.4.0",
        "prop-types": "^15.6.2"
      }
    },
    "regenerator-runtime": {
      "version": "0.13.3",
      "resolved": "https://registry.npmjs.org/regenerator-runtime/-/regenerator-runtime-0.13.3.tgz",
      "integrity": "sha512-naKIZz2GQ8JWh///G7L3X6LaQUAMp2lvb1rvwwsURe/VXwD6VMfr+/1NuNw3ag8v2kY1aQ/go5SNn79O9JU7yw=="
    },
    "regexp.prototype.flags": {
      "version": "1.3.0",
      "resolved": "https://registry.npmjs.org/regexp.prototype.flags/-/regexp.prototype.flags-1.3.0.tgz",
      "integrity": "sha512-2+Q0C5g951OlYlJz6yu5/M33IcsESLlLfsyIaLJaG4FA2r4yP8MvVMJUUP/fVBkSpbbbZlS5gynbEWLipiiXiQ==",
      "requires": {
        "define-properties": "^1.1.3",
        "es-abstract": "^1.17.0-next.1"
      }
    },
    "scheduler": {
      "version": "0.18.0",
      "resolved": "https://registry.npmjs.org/scheduler/-/scheduler-0.18.0.tgz",
      "integrity": "sha512-agTSHR1Nbfi6ulI0kYNK0203joW2Y5W4po4l+v03tOoiJKpTBbxpNhWDvqc/4IcOw+KLmSiQLTasZ4cab2/UWQ==",
      "requires": {
        "loose-envify": "^1.1.0",
        "object-assign": "^4.1.1"
      }
    },
    "source-map-js": {
      "version": "1.0.2",
      "resolved": "https://registry.npmjs.org/source-map-js/-/source-map-js-1.0.2.tgz",
      "integrity": "sha512-R0XvVJ9WusLiqTCEiGCmICCMplcCkIwwR11mOSD9CR5u+IXYdiseeEuXCVAjS54zqwkLcPNnmU4OeJ6tUrWhDw=="
    },
    "string.prototype.trimleft": {
      "version": "2.1.1",
      "resolved": "https://registry.npmjs.org/string.prototype.trimleft/-/string.prototype.trimleft-2.1.1.tgz",
      "integrity": "sha512-iu2AGd3PuP5Rp7x2kEZCrB2Nf41ehzh+goo8TV7z8/XDBbsvc6HQIlUl9RjkZ4oyrW1XM5UwlGl1oVEaDjg6Ag==",
      "requires": {
        "define-properties": "^1.1.3",
        "function-bind": "^1.1.1"
      }
    },
    "string.prototype.trimright": {
      "version": "2.1.1",
      "resolved": "https://registry.npmjs.org/string.prototype.trimright/-/string.prototype.trimright-2.1.1.tgz",
      "integrity": "sha512-qFvWL3/+QIgZXVmJBfpHmxLB7xsUXz6HsUmP8+5dRaC3Q7oKUv9Vo6aMCRZC1smrtyECFsIT30PqBJ1gTjAs+g==",
      "requires": {
        "define-properties": "^1.1.3",
        "function-bind": "^1.1.1"
      }
    },
    "styled-jsx": {
      "version": "5.0.0",
      "resolved": "https://registry.npmjs.org/styled-jsx/-/styled-jsx-5.0.0.tgz",
      "integrity": "sha512-qUqsWoBquEdERe10EW8vLp3jT25s/ssG1/qX5gZ4wu15OZpmSMFI2v+fWlRhLfykA5rFtlJ1ME8A8pm/peV4WA=="
    },
    "swr": {
      "version": "0.1.16",
      "resolved": "https://registry.npmjs.org/swr/-/swr-0.1.16.tgz",
      "integrity": "sha512-E+i0pJOCCPRxnwQMFKf3RYr4os+B4swNuwnHo+pBCNxwfuJiN0ZalwP9u4OqjoeMl9eZFgcQYUPHD8KVyTqM1g==",
      "requires": {
        "fast-deep-equal": "2.0.1"
      }
    },
    "typed-styles": {
      "version": "0.0.7",
      "resolved": "https://registry.npmjs.org/typed-styles/-/typed-styles-0.0.7.tgz",
      "integrity": "sha512-pzP0PWoZUhsECYjABgCGQlRGL1n7tOHsgwYv3oIiEpJwGhFTuty/YNeduxQYzXXa3Ge5BdT6sHYIQYpl4uJ+5Q=="
    },
    "typescript": {
      "version": "3.7.4",
      "resolved": "https://registry.npmjs.org/typescript/-/typescript-3.7.4.tgz",
      "integrity": "sha512-A25xv5XCtarLwXpcDNZzCGvW2D1S3/bACratYBx2sax8PefsFhlYmkQicKHvpYflFS8if4zne5zT5kpJ7pzuvw==",
      "dev": true
    },
    "uncontrollable": {
      "version": "7.1.1",
      "resolved": "https://registry.npmjs.org/uncontrollable/-/uncontrollable-7.1.1.tgz",
      "integrity": "sha512-EcPYhot3uWTS3w00R32R2+vS8Vr53tttrvMj/yA1uYRhf8hbTG2GyugGqWDY0qIskxn0uTTojVd6wPYW9ZEf8Q==",
      "requires": {
        "@babel/runtime": "^7.6.3",
        "@types/react": "^16.9.11",
        "invariant": "^2.2.4",
        "react-lifecycles-compat": "^3.0.4"
      }
    },
    "unfetch": {
      "version": "4.1.0",
      "resolved": "https://registry.npmjs.org/unfetch/-/unfetch-4.1.0.tgz",
      "integrity": "sha512-crP/n3eAPUJxZXM9T80/yv0YhkTEx2K1D3h7D1AJM6fzsWZrxdyRuLN0JH/dkZh1LNH8LxCnBzoPFCPbb2iGpg=="
    },
    "use-http": {
      "version": "0.2.4",
      "resolved": "https://registry.npmjs.org/use-http/-/use-http-0.2.4.tgz",
      "integrity": "sha512-4bkXaZc7Ac44N2VnewYkla1fsy4jX1j2wf2JMUfJD3j/e8W4RHbF6qZOJfbU0keaPTk+aUe8XYYN12IMIFsqEQ==",
      "requires": {
        "use-ssr": "^1.0.22"
      }
    },
    "use-ssr": {
      "version": "1.0.22",
      "resolved": "https://registry.npmjs.org/use-ssr/-/use-ssr-1.0.22.tgz",
      "integrity": "sha512-0kA0qfI4uw7PeRsz7X0XOdl2CdbgMBSFhj3n5JzMu8ZNlcZ2NrarhGjdmoxW1Q5d3WtNKbCNIjns/CKhpL7z8g=="
    },
    "use-subscription": {
      "version": "1.5.1",
      "resolved": "https://registry.npmjs.org/use-subscription/-/use-subscription-1.5.1.tgz",
      "integrity": "sha512-Xv2a1P/yReAjAbhylMfFplFKj9GssgTwN7RlcTxBujFQcloStWNDQdc4g4NRWH9xS4i/FDk04vQBptAXoF3VcA==",
      "requires": {
        "object-assign": "^4.1.1"
      }
    },
    "warning": {
      "version": "4.0.3",
      "resolved": "https://registry.npmjs.org/warning/-/warning-4.0.3.tgz",
      "integrity": "sha512-rpJyN222KWIvHJ/F53XSZv0Zl/accqHR8et1kpaMTD/fLCRxtV8iX8czMzY7sVZupTI3zcUTg8eycS2kNF9l6w==",
      "requires": {
        "loose-envify": "^1.0.0"
      }
    }
  }
}
